
Microsoft Visual Studio Solution File, Format Version 12.00
# Visual Studio Version 16
VisualStudioVersion = 16.0.29728.190
MinimumVisualStudioVersion = 10.0.40219.1
Project("{FAE04EC0-301F-11D3-BF4B-00C04F79EFBC}") = "exceptionhandling", "exceptionhandling\exceptionhandling.csproj", "{4FE23963-F842-4915-A455-1AACCBEA076E}"
EndProject
Global
	GlobalSection(SolutionConfigurationPlatforms) = preSolution
		Debug|Any CPU = Debug|Any CPU
		Release|Any CPU = Release|Any CPU
	EndGlobalSection
	GlobalSection(ProjectConfigurationPlatforms) = postSolution
		{4FE23963-F842-4915-A455-1AACCBEA076E}.Debug|Any CPU.ActiveCfg = Debug|Any CPU
		{4FE23963-F842-4915-A455-1AACCBEA076E}.Debug|Any CPU.Build.0 = Debug|Any CPU
		{4FE23963-F842-4915-A455-1AACCBEA076E}.Release|Any CPU.ActiveCfg = Release|Any CPU
		{4FE23963-F842-4915-A455-1AACCBEA076E}.Release|Any CPU.Build.0 = Release|Any CPU
	EndGlobalSection
	GlobalSection(SolutionProperties) = preSolution
		HideSolutionNode = FALSE
	EndGlobalSection
	GlobalSection(ExtensibilityGlobals) = postSolution
		SolutionGuid = {63BABB31-3BA7-46E8-B7F7-8987A592A921}
	EndGlobalSection
EndGlobal
