
Microsoft Visual Studio Solution File, Format Version 12.00
# Visual Studio Version 16
VisualStudioVersion = 16.0.29728.190
MinimumVisualStudioVersion = 10.0.40219.1
Project("{FAE04EC0-301F-11D3-BF4B-00C04F79EFBC}") = "customexception", "customexception\customexception.csproj", "{77A6E81D-49DF-4835-BD56-1A8F25A6F5B6}"
EndProject
Global
	GlobalSection(SolutionConfigurationPlatforms) = preSolution
		Debug|Any CPU = Debug|Any CPU
		Release|Any CPU = Release|Any CPU
	EndGlobalSection
	GlobalSection(ProjectConfigurationPlatforms) = postSolution
		{77A6E81D-49DF-4835-BD56-1A8F25A6F5B6}.Debug|Any CPU.ActiveCfg = Debug|Any CPU
		{77A6E81D-49DF-4835-BD56-1A8F25A6F5B6}.Debug|Any CPU.Build.0 = Debug|Any CPU
		{77A6E81D-49DF-4835-BD56-1A8F25A6F5B6}.Release|Any CPU.ActiveCfg = Release|Any CPU
		{77A6E81D-49DF-4835-BD56-1A8F25A6F5B6}.Release|Any CPU.Build.0 = Release|Any CPU
	EndGlobalSection
	GlobalSection(SolutionProperties) = preSolution
		HideSolutionNode = FALSE
	EndGlobalSection
	GlobalSection(ExtensibilityGlobals) = postSolution
		SolutionGuid = {E49FF601-A3BD-4BC3-9898-B8A1A1A3BC57}
	EndGlobalSection
EndGlobal
