
Microsoft Visual Studio Solution File, Format Version 12.00
# Visual Studio Version 16
VisualStudioVersion = 16.0.29728.190
MinimumVisualStudioVersion = 10.0.40219.1
Project("{FAE04EC0-301F-11D3-BF4B-00C04F79EFBC}") = "empcollection", "empcollection\empcollection.csproj", "{EEB6305D-25D1-4E7B-B622-B16B09CB588F}"
EndProject
Global
	GlobalSection(SolutionConfigurationPlatforms) = preSolution
		Debug|Any CPU = Debug|Any CPU
		Release|Any CPU = Release|Any CPU
	EndGlobalSection
	GlobalSection(ProjectConfigurationPlatforms) = postSolution
		{EEB6305D-25D1-4E7B-B622-B16B09CB588F}.Debug|Any CPU.ActiveCfg = Debug|Any CPU
		{EEB6305D-25D1-4E7B-B622-B16B09CB588F}.Debug|Any CPU.Build.0 = Debug|Any CPU
		{EEB6305D-25D1-4E7B-B622-B16B09CB588F}.Release|Any CPU.ActiveCfg = Release|Any CPU
		{EEB6305D-25D1-4E7B-B622-B16B09CB588F}.Release|Any CPU.Build.0 = Release|Any CPU
	EndGlobalSection
	GlobalSection(SolutionProperties) = preSolution
		HideSolutionNode = FALSE
	EndGlobalSection
	GlobalSection(ExtensibilityGlobals) = postSolution
		SolutionGuid = {9CB798A6-F0DD-4BFE-BD5F-EAC73DC47F5F}
	EndGlobalSection
EndGlobal
